
Microsoft Visual Studio Solution File, Format Version 12.00
# Visual Studio 15
VisualStudioVersion = 15.0.27703.2035
MinimumVisualStudioVersion = 10.0.40219.1
Project("{FAE04EC0-301F-11D3-BF4B-00C04F79EFBC}") = "HeartstoneDataCapture", "HeartstoneDataCapture\HeartstoneDataCapture.csproj", "{E1BA1CBF-DD58-4B00-8607-D6020EF43C0E}"
EndProject
Global
	GlobalSection(SolutionConfigurationPlatforms) = preSolution
		Debug|Any CPU = Debug|Any CPU
		Release|Any CPU = Release|Any CPU
	EndGlobalSection
	GlobalSection(ProjectConfigurationPlatforms) = postSolution
		{E1BA1CBF-DD58-4B00-8607-D6020EF43C0E}.Debug|Any CPU.ActiveCfg = Debug|Any CPU
		{E1BA1CBF-DD58-4B00-8607-D6020EF43C0E}.Debug|Any CPU.Build.0 = Debug|Any CPU
		{E1BA1CBF-DD58-4B00-8607-D6020EF43C0E}.Release|Any CPU.ActiveCfg = Release|Any CPU
		{E1BA1CBF-DD58-4B00-8607-D6020EF43C0E}.Release|Any CPU.Build.0 = Release|Any CPU
	EndGlobalSection
	GlobalSection(SolutionProperties) = preSolution
		HideSolutionNode = FALSE
	EndGlobalSection
	GlobalSection(ExtensibilityGlobals) = postSolution
		SolutionGuid = {B678BF29-F95D-4ACC-BAAD-9D13D2EDB398}
	EndGlobalSection
EndGlobal
